// !$*UTF8*$!
{
	archiveVersion = 1;
	classes = {
	};
	objectVersion = 50;
	objects = {

/* Begin PBXBuildFile section */
		EAC50203238BBF8A00D38F12 /* AppDelegate.m in Sources */ = {isa = PBXBuildFile; fileRef = EAC50202238BBF8A00D38F12 /* AppDelegate.m */; };
		EAC50206238BBF8A00D38F12 /* ViewController.m in Sources */ = {isa = PBXBuildFile; fileRef = EAC50205238BBF8A00D38F12 /* ViewController.m */; };
		EAC50209238BBF8A00D38F12 /* Main.storyboard in Resources */ = {isa = PBXBuildFile; fileRef = EAC50207238BBF8A00D38F12 /* Main.storyboard */; };
		EAC5020B238BBF8D00D38F12 /* Assets.xcassets in Resources */ = {isa = PBXBuildFile; fileRef = EAC5020A238BBF8D00D38F12 /* Assets.xcassets */; };
		EAC5020E238BBF8D00D38F12 /* LaunchScreen.storyboard in Resources */ = {isa = PBXBuildFile; fileRef = EAC5020C238BBF8D00D38F12 /* LaunchScreen.storyboard */; };
		EAC50211238BBF8D00D38F12 /* main.m in Sources */ = {isa = PBXBuildFile; fileRef = EAC50210238BBF8D00D38F12 /* main.m */; };
		EAC50218238BC02C00D38F12 /* green.png in Resources */ = {isa = PBXBuildFile; fileRef = EAC50217238BC02C00D38F12 /* green.png */; };
		EAC5021B238BC0CD00D38F12 /* QLView.m in Sources */ = {isa = PBXBuildFile; fileRef = EAC5021A238BC0CD00D38F12 /* QLView.m */; };
		EAC50223238BC10C00D38F12 /* GLESUtils.m in Sources */ = {isa = PBXBuildFile; fileRef = EAC5021D238BC10B00D38F12 /* GLESUtils.m */; };
		EAC50224238BC10C00D38F12 /* GLESMath.c in Sources */ = {isa = PBXBuildFile; fileRef = EAC5021F238BC10B00D38F12 /* GLESMath.c */; };
		EAC5022B238C190E00D38F12 /* shaderf.fsh in Resources */ = {isa = PBXBuildFile; fileRef = EAC50229238C190E00D38F12 /* shaderf.fsh */; };
		EAC5022C238C190E00D38F12 /* shaderv.vsh in Resources */ = {isa = PBXBuildFile; fileRef = EAC5022A238C190E00D38F12 /* shaderv.vsh */; };
		EAC5022E238C208B00D38F12 /* star.jpg in Resources */ = {isa = PBXBuildFile; fileRef = EAC5022D238C208B00D38F12 /* star.jpg */; };
/* End PBXBuildFile section */

/* Begin PBXFileReference section */
		EAC501FE238BBF8A00D38F12 /* GLSL三角形变换（颜色与纹理混合）.app */ = {isa = PBXFileReference; explicitFileType = wrapper.application; includeInIndex = 0; path = "GLSL三角形变换（颜色与纹理混合）.app"; sourceTree = BUILT_PRODUCTS_DIR; };
		EAC50201238BBF8A00D38F12 /* AppDelegate.h */ = {isa = PBXFileReference; lastKnownFileType = sourcecode.c.h; path = AppDelegate.h; sourceTree = "<group>"; };
		EAC50202238BBF8A00D38F12 /* AppDelegate.m */ = {isa = PBXFileReference; lastKnownFileType = sourcecode.c.objc; path = AppDelegate.m; sourceTree = "<group>"; };
		EAC50204238BBF8A00D38F12 /* ViewController.h */ = {isa = PBXFileReference; lastKnownFileType = sourcecode.c.h; path = ViewController.h; sourceTree = "<group>"; };
		EAC50205238BBF8A00D38F12 /* ViewController.m */ = {isa = PBXFileReference; lastKnownFileType = sourcecode.c.objc; path = ViewController.m; sourceTree = "<group>"; };
		EAC50208238BBF8A00D38F12 /* Base */ = {isa = PBXFileReference; lastKnownFileType = file.storyboard; name = Base; path = Base.lproj/Main.storyboard; sourceTree = "<group>"; };
		EAC5020A238BBF8D00D38F12 /* Assets.xcassets */ = {isa = PBXFileReference; lastKnownFileType = folder.assetcatalog; path = Assets.xcassets; sourceTree = "<group>"; };
		EAC5020D238BBF8D00D38F12 /* Base */ = {isa = PBXFileReference; lastKnownFileType = file.storyboard; name = Base; path = Base.lproj/LaunchScreen.storyboard; sourceTree = "<group>"; };
		EAC5020F238BBF8D00D38F12 /* Info.plist */ = {isa = PBXFileReference; lastKnownFileType = text.plist.xml; path = Info.plist; sourceTree = "<group>"; };
		EAC50210238BBF8D00D38F12 /* main.m */ = {isa = PBXFileReference; lastKnownFileType = sourcecode.c.objc; path = main.m; sourceTree = "<group>"; };
		EAC50217238BC02C00D38F12 /* green.png */ = {isa = PBXFileReference; lastKnownFileType = image.png; path = green.png; sourceTree = "<group>"; };
		EAC50219238BC0CD00D38F12 /* QLView.h */ = {isa = PBXFileReference; lastKnownFileType = sourcecode.c.h; path = QLView.h; sourceTree = "<group>"; };
		EAC5021A238BC0CD00D38F12 /* QLView.m */ = {isa = PBXFileReference; lastKnownFileType = sourcecode.c.objc; path = QLView.m; sourceTree = "<group>"; };
		EAC5021D238BC10B00D38F12 /* GLESUtils.m */ = {isa = PBXFileReference; fileEncoding = 4; lastKnownFileType = sourcecode.c.objc; path = GLESUtils.m; sourceTree = "<group>"; };
		EAC5021E238BC10B00D38F12 /* Quaternion.h */ = {isa = PBXFileReference; fileEncoding = 4; lastKnownFileType = sourcecode.c.h; path = Quaternion.h; sourceTree = "<group>"; };
		EAC5021F238BC10B00D38F12 /* GLESMath.c */ = {isa = PBXFileReference; fileEncoding = 4; lastKnownFileType = sourcecode.c.c; path = GLESMath.c; sourceTree = "<group>"; };
		EAC50220238BC10B00D38F12 /* GLESUtils.h */ = {isa = PBXFileReference; fileEncoding = 4; lastKnownFileType = sourcecode.c.h; path = GLESUtils.h; sourceTree = "<group>"; };
		EAC50221238BC10B00D38F12 /* Vector.h */ = {isa = PBXFileReference; fileEncoding = 4; lastKnownFileType = sourcecode.c.h; path = Vector.h; sourceTree = "<group>"; };
		EAC50222238BC10B00D38F12 /* GLESMath.h */ = {isa = PBXFileReference; fileEncoding = 4; lastKnownFileType = sourcecode.c.h; path = GLESMath.h; sourceTree = "<group>"; };
		EAC50229238C190E00D38F12 /* shaderf.fsh */ = {isa = PBXFileReference; fileEncoding = 4; lastKnownFileType = sourcecode.glsl; path = shaderf.fsh; sourceTree = "<group>"; };
		EAC5022A238C190E00D38F12 /* shaderv.vsh */ = {isa = PBXFileReference; fileEncoding = 4; lastKnownFileType = sourcecode.glsl; path = shaderv.vsh; sourceTree = "<group>"; };
		EAC5022D238C208B00D38F12 /* star.jpg */ = {isa = PBXFileReference; lastKnownFileType = image.jpeg; path = star.jpg; sourceTree = "<group>"; };
/* End PBXFileReference section */

/* Begin PBXFrameworksBuildPhase section */
		EAC501FB238BBF8A00D38F12 /* Frameworks */ = {
			isa = PBXFrameworksBuildPhase;
			buildActionMask = 2147483647;
			files = (
			);
			runOnlyForDeploymentPostprocessing = 0;
		};
/* End PBXFrameworksBuildPhase section */

/* Begin PBXGroup section */
		EAC501F5238BBF8A00D38F12 = {
			isa = PBXGroup;
			children = (
				EAC50200238BBF8A00D38F12 /* GLSL三角形变换（颜色与纹理混合） */,
				EAC501FF238BBF8A00D38F12 /* Products */,
			);
			sourceTree = "<group>";
		};
		EAC501FF238BBF8A00D38F12 /* Products */ = {
			isa = PBXGroup;
			children = (
				EAC501FE238BBF8A00D38F12 /* GLSL三角形变换（颜色与纹理混合）.app */,
			);
			name = Products;
			sourceTree = "<group>";
		};
		EAC50200238BBF8A00D38F12 /* GLSL三角形变换（颜色与纹理混合） */ = {
			isa = PBXGroup;
			children = (
				EAC5021C238BC10B00D38F12 /* Utils */,
				EAC50201238BBF8A00D38F12 /* AppDelegate.h */,
				EAC50202238BBF8A00D38F12 /* AppDelegate.m */,
				EAC50204238BBF8A00D38F12 /* ViewController.h */,
				EAC50205238BBF8A00D38F12 /* ViewController.m */,
				EAC50219238BC0CD00D38F12 /* QLView.h */,
				EAC5021A238BC0CD00D38F12 /* QLView.m */,
				EAC50229238C190E00D38F12 /* shaderf.fsh */,
				EAC5022A238C190E00D38F12 /* shaderv.vsh */,
				EAC5022D238C208B00D38F12 /* star.jpg */,
				EAC50217238BC02C00D38F12 /* green.png */,
				EAC50207238BBF8A00D38F12 /* Main.storyboard */,
				EAC5020A238BBF8D00D38F12 /* Assets.xcassets */,
				EAC5020C238BBF8D00D38F12 /* LaunchScreen.storyboard */,
				EAC5020F238BBF8D00D38F12 /* Info.plist */,
				EAC50210238BBF8D00D38F12 /* main.m */,
			);
			path = "GLSL三角形变换（颜色与纹理混合）";
			sourceTree = "<group>";
		};
		EAC5021C238BC10B00D38F12 /* Utils */ = {
			isa = PBXGroup;
			children = (
				EAC5021D238BC10B00D38F12 /* GLESUtils.m */,
				EAC5021E238BC10B00D38F12 /* Quaternion.h */,
				EAC5021F238BC10B00D38F12 /* GLESMath.c */,
				EAC50220238BC10B00D38F12 /* GLESUtils.h */,
				EAC50221238BC10B00D38F12 /* Vector.h */,
				EAC50222238BC10B00D38F12 /* GLESMath.h */,
			);
			path = Utils;
			sourceTree = "<group>";
		};
/* End PBXGroup section */

/* Begin PBXNativeTarget section */
		EAC501FD238BBF8A00D38F12 /* GLSL三角形变换（颜色与纹理混合） */ = {
			isa = PBXNativeTarget;
			buildConfigurationList = EAC50214238BBF8D00D38F12 /* Build configuration list for PBXNativeTarget "GLSL三角形变换（颜色与纹理混合）" */;
			buildPhases = (
				EAC501FA238BBF8A00D38F12 /* Sources */,
				EAC501FB238BBF8A00D38F12 /* Frameworks */,
				EAC501FC238BBF8A00D38F12 /* Resources */,
			);
			buildRules = (
			);
			dependencies = (
			);
			name = "GLSL三角形变换（颜色与纹理混合）";
			productName = "GLSL三角形变换（颜色与纹理混合）";
			productReference = EAC501FE238BBF8A00D38F12 /* GLSL三角形变换（颜色与纹理混合）.app */;
			productType = "com.apple.product-type.application";
		};
/* End PBXNativeTarget section */

/* Begin PBXProject section */
		EAC501F6238BBF8A00D38F12 /* Project object */ = {
			isa = PBXProject;
			attributes = {
				LastUpgradeCheck = 1000;
				ORGANIZATIONNAME = zonasse.bupt;
				TargetAttributes = {
					EAC501FD238BBF8A00D38F12 = {
						CreatedOnToolsVersion = 10.0;
					};
				};
			};
			buildConfigurationList = EAC501F9238BBF8A00D38F12 /* Build configuration list for PBXProject "GLSL三角形变换（颜色与纹理混合）" */;
			compatibilityVersion = "Xcode 9.3";
			developmentRegion = en;
			hasScannedForEncodings = 0;
			knownRegions = (
				en,
				Base,
			);
			mainGroup = EAC501F5238BBF8A00D38F12;
			productRefGroup = EAC501FF238BBF8A00D38F12 /* Products */;
			projectDirPath = "";
			projectRoot = "";
			targets = (
				EAC501FD238BBF8A00D38F12 /* GLSL三角形变换（颜色与纹理混合） */,
			);
		};
/* End PBXProject section */

/* Begin PBXResourcesBuildPhase section */
		EAC501FC238BBF8A00D38F12 /* Resources */ = {
			isa = PBXResourcesBuildPhase;
			buildActionMask = 2147483647;
			files = (
				EAC5022B238C190E00D38F12 /* shaderf.fsh in Resources */,
				EAC5020E238BBF8D00D38F12 /* LaunchScreen.storyboard in Resources */,
				EAC50218238BC02C00D38F12 /* green.png in Resources */,
				EAC5022C238C190E00D38F12 /* shaderv.vsh in Resources */,
				EAC5022E238C208B00D38F12 /* star.jpg in Resources */,
				EAC5020B238BBF8D00D38F12 /* Assets.xcassets in Resources */,
				EAC50209238BBF8A00D38F12 /* Main.storyboard in Resources */,
			);
			runOnlyForDeploymentPostprocessing = 0;
		};
/* End PBXResourcesBuildPhase section */

/* Begin PBXSourcesBuildPhase section */
		EAC501FA238BBF8A00D38F12 /* Sources */ = {
			isa = PBXSourcesBuildPhase;
			buildActionMask = 2147483647;
			files = (
				EAC50206238BBF8A00D38F12 /* ViewController.m in Sources */,
				EAC50211238BBF8D00D38F12 /* main.m in Sources */,
				EAC50223238BC10C00D38F12 /* GLESUtils.m in Sources */,
				EAC50203238BBF8A00D38F12 /* AppDelegate.m in Sources */,
				EAC50224238BC10C00D38F12 /* GLESMath.c in Sources */,
				EAC5021B238BC0CD00D38F12 /* QLView.m in Sources */,
			);
			runOnlyForDeploymentPostprocessing = 0;
		};
/* End PBXSourcesBuildPhase section */

/* Begin PBXVariantGroup section */
		EAC50207238BBF8A00D38F12 /* Main.storyboard */ = {
			isa = PBXVariantGroup;
			children = (
				EAC50208238BBF8A00D38F12 /* Base */,
			);
			name = Main.storyboard;
			sourceTree = "<group>";
		};
		EAC5020C238BBF8D00D38F12 /* LaunchScreen.storyboard */ = {
			isa = PBXVariantGroup;
			children = (
				EAC5020D238BBF8D00D38F12 /* Base */,
			);
			name = LaunchScreen.storyboard;
			sourceTree = "<group>";
		};
/* End PBXVariantGroup section */

/* Begin XCBuildConfiguration section */
		EAC50212238BBF8D00D38F12 /* Debug */ = {
			isa = XCBuildConfiguration;
			buildSettings = {
				ALWAYS_SEARCH_USER_PATHS = NO;
				CLANG_ANALYZER_NONNULL = YES;
				CLANG_ANALYZER_NUMBER_OBJECT_CONVERSION = YES_AGGRESSIVE;
				CLANG_CXX_LANGUAGE_STANDARD = "gnu++14";
				CLANG_CXX_LIBRARY = "libc++";
				CLANG_ENABLE_MODULES = YES;
				CLANG_ENABLE_OBJC_ARC = YES;
				CLANG_ENABLE_OBJC_WEAK = YES;
				CLANG_WARN_BLOCK_CAPTURE_AUTORELEASING = YES;
				CLANG_WARN_BOOL_CONVERSION = YES;
				CLANG_WARN_COMMA = YES;
				CLANG_WARN_CONSTANT_CONVERSION = YES;
				CLANG_WARN_DEPRECATED_OBJC_IMPLEMENTATIONS = YES;
				CLANG_WARN_DIRECT_OBJC_ISA_USAGE = YES_ERROR;
				CLANG_WARN_DOCUMENTATION_COMMENTS = YES;
				CLANG_WARN_EMPTY_BODY = YES;
				CLANG_WARN_ENUM_CONVERSION = YES;
				CLANG_WARN_INFINITE_RECURSION = YES;
				CLANG_WARN_INT_CONVERSION = YES;
				CLANG_WARN_NON_LITERAL_NULL_CONVERSION = YES;
				CLANG_WARN_OBJC_IMPLICIT_RETAIN_SELF = YES;
				CLANG_WARN_OBJC_LITERAL_CONVERSION = YES;
				CLANG_WARN_OBJC_ROOT_CLASS = YES_ERROR;
				CLANG_WARN_RANGE_LOOP_ANALYSIS = YES;
				CLANG_WARN_STRICT_PROTOTYPES = YES;
				CLANG_WARN_SUSPICIOUS_MOVE = YES;
				CLANG_WARN_UNGUARDED_AVAILABILITY = YES_AGGRESSIVE;
				CLANG_WARN_UNREACHABLE_CODE = YES;
				CLANG_WARN__DUPLICATE_METHOD_MATCH = YES;
				CODE_SIGN_IDENTITY = "iPhone Developer";
				COPY_PHASE_STRIP = NO;
				DEBUG_INFORMATION_FORMAT = dwarf;
				ENABLE_STRICT_OBJC_MSGSEND = YES;
				ENABLE_TESTABILITY = YES;
				GCC_C_LANGUAGE_STANDARD = gnu11;
				GCC_DYNAMIC_NO_PIC = NO;
				GCC_NO_COMMON_BLOCKS = YES;
				GCC_OPTIMIZATION_LEVEL = 0;
				GCC_PREPROCESSOR_DEFINITIONS = (
					"DEBUG=1",
					"$(inherited)",
				);
				GCC_WARN_64_TO_32_BIT_CONVERSION = YES;
				GCC_WARN_ABOUT_RETURN_TYPE = YES_ERROR;
				GCC_WARN_UNDECLARED_SELECTOR = YES;
				GCC_WARN_UNINITIALIZED_AUTOS = YES_AGGRESSIVE;
				GCC_WARN_UNUSED_FUNCTION = YES;
				GCC_WARN_UNUSED_VARIABLE = YES;
				IPHONEOS_DEPLOYMENT_TARGET = 12.0;
				MTL_ENABLE_DEBUG_INFO = INCLUDE_SOURCE;
				MTL_FAST_MATH = YES;
				ONLY_ACTIVE_ARCH = YES;
				SDKROOT = iphoneos;
			};
			name = Debug;
		};
		EAC50213238BBF8D00D38F12 /* Release */ = {
			isa = XCBuildConfiguration;
			buildSettings = {
				ALWAYS_SEARCH_USER_PATHS = NO;
				CLANG_ANALYZER_NONNULL = YES;
				CLANG_ANALYZER_NUMBER_OBJECT_CONVERSION = YES_AGGRESSIVE;
				CLANG_CXX_LANGUAGE_STANDARD = "gnu++14";
				CLANG_CXX_LIBRARY = "libc++";
				CLANG_ENABLE_MODULES = YES;
				CLANG_ENABLE_OBJC_ARC = YES;
				CLANG_ENABLE_OBJC_WEAK = YES;
				CLANG_WARN_BLOCK_CAPTURE_AUTORELEASING = YES;
				CLANG_WARN_BOOL_CONVERSION = YES;
				CLANG_WARN_COMMA = YES;
				CLANG_WARN_CONSTANT_CONVERSION = YES;
				CLANG_WARN_DEPRECATED_OBJC_IMPLEMENTATIONS = YES;
				CLANG_WARN_DIRECT_OBJC_ISA_USAGE = YES_ERROR;
				CLANG_WARN_DOCUMENTATION_COMMENTS = YES;
				CLANG_WARN_EMPTY_BODY = YES;
				CLANG_WARN_ENUM_CONVERSION = YES;
				CLANG_WARN_INFINITE_RECURSION = YES;
				CLANG_WARN_INT_CONVERSION = YES;
				CLANG_WARN_NON_LITERAL_NULL_CONVERSION = YES;
				CLANG_WARN_OBJC_IMPLICIT_RETAIN_SELF = YES;
				CLANG_WARN_OBJC_LITERAL_CONVERSION = YES;
				CLANG_WARN_OBJC_ROOT_CLASS = YES_ERROR;
				CLANG_WARN_RANGE_LOOP_ANALYSIS = YES;
				CLANG_WARN_STRICT_PROTOTYPES = YES;
				CLANG_WARN_SUSPICIOUS_MOVE = YES;
				CLANG_WARN_UNGUARDED_AVAILABILITY = YES_AGGRESSIVE;
				CLANG_WARN_UNREACHABLE_CODE = YES;
				CLANG_WARN__DUPLICATE_METHOD_MATCH = YES;
				CODE_SIGN_IDENTITY = "iPhone Developer";
				COPY_PHASE_STRIP = NO;
				DEBUG_INFORMATION_FORMAT = "dwarf-with-dsym";
				ENABLE_NS_ASSERTIONS = NO;
				ENABLE_STRICT_OBJC_MSGSEND = YES;
				GCC_C_LANGUAGE_STANDARD = gnu11;
				GCC_NO_COMMON_BLOCKS = YES;
				GCC_WARN_64_TO_32_BIT_CONVERSION = YES;
				GCC_WARN_ABOUT_RETURN_TYPE = YES_ERROR;
				GCC_WARN_UNDECLARED_SELECTOR = YES;
				GCC_WARN_UNINITIALIZED_AUTOS = YES_AGGRESSIVE;
				GCC_WARN_UNUSED_FUNCTION = YES;
				GCC_WARN_UNUSED_VARIABLE = YES;
				IPHONEOS_DEPLOYMENT_TARGET = 12.0;
				MTL_ENABLE_DEBUG_INFO = NO;
				MTL_FAST_MATH = YES;
				SDKROOT = iphoneos;
				VALIDATE_PRODUCT = YES;
			};
			name = Release;
		};
		EAC50215238BBF8D00D38F12 /* Debug */ = {
			isa = XCBuildConfiguration;
			buildSettings = {
				ASSETCATALOG_COMPILER_APPICON_NAME = AppIcon;
				CODE_SIGN_STYLE = Automatic;
				DEVELOPMENT_TEAM = 558BYD3F79;
				HEADER_SEARCH_PATHS = "$(SRCROOT)/GLSL三角形变换（颜色与纹理混合）/Utils";
				INFOPLIST_FILE = "GLSL三角形变换（颜色与纹理混合）/Info.plist";
				LD_RUNPATH_SEARCH_PATHS = (
					"$(inherited)",
					"@executable_path/Frameworks",
				);
				PRODUCT_BUNDLE_IDENTIFIER = "com.zonasse.bupt.GLSL--------------";
				PRODUCT_NAME = "$(TARGET_NAME)";
				TARGETED_DEVICE_FAMILY = "1,2";
			};
			name = Debug;
		};
		EAC50216238BBF8D00D38F12 /* Release */ = {
			isa = XCBuildConfiguration;
			buildSettings = {
				ASSETCATALOG_COMPILER_APPICON_NAME = AppIcon;
				CODE_SIGN_STYLE = Automatic;
				DEVELOPMENT_TEAM = 558BYD3F79;
				HEADER_SEARCH_PATHS = "$(SRCROOT)/GLSL三角形变换（颜色与纹理混合）/Utils";
				INFOPLIST_FILE = "GLSL三角形变换（颜色与纹理混合）/Info.plist";
				LD_RUNPATH_SEARCH_PATHS = (
					"$(inherited)",
					"@executable_path/Frameworks",
				);
				PRODUCT_BUNDLE_IDENTIFIER = "com.zonasse.bupt.GLSL--------------";
				PRODUCT_NAME = "$(TARGET_NAME)";
				TARGETED_DEVICE_FAMILY = "1,2";
			};
			name = Release;
		};
/* End XCBuildConfiguration section */

/* Begin XCConfigurationList section */
		EAC501F9238BBF8A00D38F12 /* Build configuration list for PBXProject "GLSL三角形变换（颜色与纹理混合）" */ = {
			isa = XCConfigurationList;
			buildConfigurations = (
				EAC50212238BBF8D00D38F12 /* Debug */,
				EAC50213238BBF8D00D38F12 /* Release */,
			);
			defaultConfigurationIsVisible = 0;
			defaultConfigurationName = Release;
		};
		EAC50214238BBF8D00D38F12 /* Build configuration list for PBXNativeTarget "GLSL三角形变换（颜色与纹理混合）" */ = {
			isa = XCConfigurationList;
			buildConfigurations = (
				EAC50215238BBF8D00D38F12 /* Debug */,
				EAC50216238BBF8D00D38F12 /* Release */,
			);
			defaultConfigurationIsVisible = 0;
			defaultConfigurationName = Release;
		};
/* End XCConfigurationList section */
	};
	rootObject = EAC501F6238BBF8A00D38F12 /* Project object */;
}
