// !$*UTF8*$!
{
	archiveVersion = 1;
	classes = {
	};
	objectVersion = 50;
	objects = {

/* Begin PBXBuildFile section */
		EAC50261238E688700D38F12 /* AppDelegate.m in Sources */ = {isa = PBXBuildFile; fileRef = EAC50260238E688700D38F12 /* AppDelegate.m */; };
		EAC50264238E688700D38F12 /* ViewController.m in Sources */ = {isa = PBXBuildFile; fileRef = EAC50263238E688700D38F12 /* ViewController.m */; };
		EAC50267238E688700D38F12 /* Main.storyboard in Resources */ = {isa = PBXBuildFile; fileRef = EAC50265238E688700D38F12 /* Main.storyboard */; };
		EAC50269238E688A00D38F12 /* Assets.xcassets in Resources */ = {isa = PBXBuildFile; fileRef = EAC50268238E688A00D38F12 /* Assets.xcassets */; };
		EAC5026C238E688A00D38F12 /* LaunchScreen.storyboard in Resources */ = {isa = PBXBuildFile; fileRef = EAC5026A238E688A00D38F12 /* LaunchScreen.storyboard */; };
		EAC5026F238E688A00D38F12 /* main.m in Sources */ = {isa = PBXBuildFile; fileRef = EAC5026E238E688A00D38F12 /* main.m */; };
		EAC50276238E692200D38F12 /* star.jpg in Resources */ = {isa = PBXBuildFile; fileRef = EAC50275238E692200D38F12 /* star.jpg */; };
		EAC5027A238E6E2900D38F12 /* FilterBar.m in Sources */ = {isa = PBXBuildFile; fileRef = EAC50279238E6E2900D38F12 /* FilterBar.m */; };
		EAC5027D238E6E5E00D38F12 /* FilterBarCell.m in Sources */ = {isa = PBXBuildFile; fileRef = EAC5027C238E6E5E00D38F12 /* FilterBarCell.m */; };
		EAC5027F238FAF0D00D38F12 /* Normal.vsh in Resources */ = {isa = PBXBuildFile; fileRef = EAC5027E238FAF0D00D38F12 /* Normal.vsh */; };
		EAC50281238FAF1800D38F12 /* Normal.fsh in Resources */ = {isa = PBXBuildFile; fileRef = EAC50280238FAF1800D38F12 /* Normal.fsh */; };
		EAC502832390B23D00D38F12 /* SplitScreen_2.vsh in Resources */ = {isa = PBXBuildFile; fileRef = EAC502822390B23D00D38F12 /* SplitScreen_2.vsh */; };
		EAC502852390B24400D38F12 /* SplitScreen_2.fsh in Resources */ = {isa = PBXBuildFile; fileRef = EAC502842390B24400D38F12 /* SplitScreen_2.fsh */; };
		EAC502872390BB3600D38F12 /* SplitScreen_3.vsh in Resources */ = {isa = PBXBuildFile; fileRef = EAC502862390BB3600D38F12 /* SplitScreen_3.vsh */; };
		EAC502892390BB3E00D38F12 /* SplitScreen_3.fsh in Resources */ = {isa = PBXBuildFile; fileRef = EAC502882390BB3E00D38F12 /* SplitScreen_3.fsh */; };
		EAC5028C2390C0C500D38F12 /* SplitScreen_4.vsh in Resources */ = {isa = PBXBuildFile; fileRef = EAC5028A2390C0C500D38F12 /* SplitScreen_4.vsh */; };
		EAC5028D2390C0C500D38F12 /* SplitScreen_4.fsh in Resources */ = {isa = PBXBuildFile; fileRef = EAC5028B2390C0C500D38F12 /* SplitScreen_4.fsh */; };
		EAC502902390C45800D38F12 /* SplitScreen_6.fsh in Resources */ = {isa = PBXBuildFile; fileRef = EAC5028E2390C45800D38F12 /* SplitScreen_6.fsh */; };
		EAC502912390C45800D38F12 /* SplitScreen_6.vsh in Resources */ = {isa = PBXBuildFile; fileRef = EAC5028F2390C45800D38F12 /* SplitScreen_6.vsh */; };
		EAC502992390FD4100D38F12 /* Gray.vsh in Resources */ = {isa = PBXBuildFile; fileRef = EAC502982390FD4100D38F12 /* Gray.vsh */; };
		EAC5029B2390FD4900D38F12 /* Gray.fsh in Resources */ = {isa = PBXBuildFile; fileRef = EAC5029A2390FD4900D38F12 /* Gray.fsh */; };
		EAC5029F2390FFFF00D38F12 /* Reverse.fsh in Resources */ = {isa = PBXBuildFile; fileRef = EAC5029D2390FFFF00D38F12 /* Reverse.fsh */; };
		EAC502A02390FFFF00D38F12 /* Reverse.vsh in Resources */ = {isa = PBXBuildFile; fileRef = EAC5029E2390FFFF00D38F12 /* Reverse.vsh */; };
		EAC502A42391045100D38F12 /* Circle.vsh in Resources */ = {isa = PBXBuildFile; fileRef = EAC502A22391045100D38F12 /* Circle.vsh */; };
		EAC502A52391045100D38F12 /* Circle.fsh in Resources */ = {isa = PBXBuildFile; fileRef = EAC502A32391045100D38F12 /* Circle.fsh */; };
		EAC502A82394B5BA00D38F12 /* Mosaic.vsh in Resources */ = {isa = PBXBuildFile; fileRef = EAC502A72394B5BA00D38F12 /* Mosaic.vsh */; };
		EAC502AA2394B5C200D38F12 /* Mosaic.fsh in Resources */ = {isa = PBXBuildFile; fileRef = EAC502A92394B5C200D38F12 /* Mosaic.fsh */; };
		EAC502AD2394BBE700D38F12 /* HexagonMosaic.vsh in Resources */ = {isa = PBXBuildFile; fileRef = EAC502AC2394BBE700D38F12 /* HexagonMosaic.vsh */; };
		EAC502AF2394BBF000D38F12 /* HexagonMosaic.fsh in Resources */ = {isa = PBXBuildFile; fileRef = EAC502AE2394BBF000D38F12 /* HexagonMosaic.fsh */; };
		EAECD83F23978EB10083F8F9 /* Scale.vsh in Resources */ = {isa = PBXBuildFile; fileRef = EAECD83E23978EB10083F8F9 /* Scale.vsh */; };
		EAECD84123978EB80083F8F9 /* Scale.fsh in Resources */ = {isa = PBXBuildFile; fileRef = EAECD84023978EB80083F8F9 /* Scale.fsh */; };
		EAECD8432397927D0083F8F9 /* SoulOut.vsh in Resources */ = {isa = PBXBuildFile; fileRef = EAECD8422397927D0083F8F9 /* SoulOut.vsh */; };
		EAECD845239792940083F8F9 /* SoulOut.fsh in Resources */ = {isa = PBXBuildFile; fileRef = EAECD844239792940083F8F9 /* SoulOut.fsh */; };
		EAECD8482397A0620083F8F9 /* Shake.fsh in Resources */ = {isa = PBXBuildFile; fileRef = EAECD8462397A0620083F8F9 /* Shake.fsh */; };
		EAECD8492397A0620083F8F9 /* Shake.vsh in Resources */ = {isa = PBXBuildFile; fileRef = EAECD8472397A0620083F8F9 /* Shake.vsh */; };
		EAECD84C2397A12B0083F8F9 /* ShineWhite.fsh in Resources */ = {isa = PBXBuildFile; fileRef = EAECD84A2397A12B0083F8F9 /* ShineWhite.fsh */; };
		EAECD84D2397A12B0083F8F9 /* ShineWhite.vsh in Resources */ = {isa = PBXBuildFile; fileRef = EAECD84B2397A12B0083F8F9 /* ShineWhite.vsh */; };
		EAECD8502397A1B00083F8F9 /* Glitch.vsh in Resources */ = {isa = PBXBuildFile; fileRef = EAECD84E2397A1B00083F8F9 /* Glitch.vsh */; };
		EAECD8512397A1B00083F8F9 /* Glitch.fsh in Resources */ = {isa = PBXBuildFile; fileRef = EAECD84F2397A1B00083F8F9 /* Glitch.fsh */; };
/* End PBXBuildFile section */

/* Begin PBXFileReference section */
		EAC5025C238E688700D38F12 /* GLSL滤镜处理.app */ = {isa = PBXFileReference; explicitFileType = wrapper.application; includeInIndex = 0; path = "GLSL滤镜处理.app"; sourceTree = BUILT_PRODUCTS_DIR; };
		EAC5025F238E688700D38F12 /* AppDelegate.h */ = {isa = PBXFileReference; lastKnownFileType = sourcecode.c.h; path = AppDelegate.h; sourceTree = "<group>"; };
		EAC50260238E688700D38F12 /* AppDelegate.m */ = {isa = PBXFileReference; lastKnownFileType = sourcecode.c.objc; path = AppDelegate.m; sourceTree = "<group>"; };
		EAC50262238E688700D38F12 /* ViewController.h */ = {isa = PBXFileReference; lastKnownFileType = sourcecode.c.h; path = ViewController.h; sourceTree = "<group>"; };
		EAC50263238E688700D38F12 /* ViewController.m */ = {isa = PBXFileReference; lastKnownFileType = sourcecode.c.objc; path = ViewController.m; sourceTree = "<group>"; };
		EAC50266238E688700D38F12 /* Base */ = {isa = PBXFileReference; lastKnownFileType = file.storyboard; name = Base; path = Base.lproj/Main.storyboard; sourceTree = "<group>"; };
		EAC50268238E688A00D38F12 /* Assets.xcassets */ = {isa = PBXFileReference; lastKnownFileType = folder.assetcatalog; path = Assets.xcassets; sourceTree = "<group>"; };
		EAC5026B238E688A00D38F12 /* Base */ = {isa = PBXFileReference; lastKnownFileType = file.storyboard; name = Base; path = Base.lproj/LaunchScreen.storyboard; sourceTree = "<group>"; };
		EAC5026D238E688A00D38F12 /* Info.plist */ = {isa = PBXFileReference; lastKnownFileType = text.plist.xml; path = Info.plist; sourceTree = "<group>"; };
		EAC5026E238E688A00D38F12 /* main.m */ = {isa = PBXFileReference; lastKnownFileType = sourcecode.c.objc; path = main.m; sourceTree = "<group>"; };
		EAC50275238E692200D38F12 /* star.jpg */ = {isa = PBXFileReference; lastKnownFileType = image.jpeg; path = star.jpg; sourceTree = "<group>"; };
		EAC50278238E6E2900D38F12 /* FilterBar.h */ = {isa = PBXFileReference; lastKnownFileType = sourcecode.c.h; path = FilterBar.h; sourceTree = "<group>"; };
		EAC50279238E6E2900D38F12 /* FilterBar.m */ = {isa = PBXFileReference; lastKnownFileType = sourcecode.c.objc; path = FilterBar.m; sourceTree = "<group>"; };
		EAC5027B238E6E5E00D38F12 /* FilterBarCell.h */ = {isa = PBXFileReference; lastKnownFileType = sourcecode.c.h; path = FilterBarCell.h; sourceTree = "<group>"; };
		EAC5027C238E6E5E00D38F12 /* FilterBarCell.m */ = {isa = PBXFileReference; lastKnownFileType = sourcecode.c.objc; path = FilterBarCell.m; sourceTree = "<group>"; };
		EAC5027E238FAF0D00D38F12 /* Normal.vsh */ = {isa = PBXFileReference; lastKnownFileType = sourcecode.glsl; path = Normal.vsh; sourceTree = "<group>"; };
		EAC50280238FAF1800D38F12 /* Normal.fsh */ = {isa = PBXFileReference; lastKnownFileType = sourcecode.glsl; path = Normal.fsh; sourceTree = "<group>"; };
		EAC502822390B23D00D38F12 /* SplitScreen_2.vsh */ = {isa = PBXFileReference; lastKnownFileType = sourcecode.glsl; path = SplitScreen_2.vsh; sourceTree = "<group>"; };
		EAC502842390B24400D38F12 /* SplitScreen_2.fsh */ = {isa = PBXFileReference; lastKnownFileType = sourcecode.glsl; path = SplitScreen_2.fsh; sourceTree = "<group>"; };
		EAC502862390BB3600D38F12 /* SplitScreen_3.vsh */ = {isa = PBXFileReference; lastKnownFileType = sourcecode.glsl; path = SplitScreen_3.vsh; sourceTree = "<group>"; };
		EAC502882390BB3E00D38F12 /* SplitScreen_3.fsh */ = {isa = PBXFileReference; lastKnownFileType = sourcecode.glsl; path = SplitScreen_3.fsh; sourceTree = "<group>"; };
		EAC5028A2390C0C500D38F12 /* SplitScreen_4.vsh */ = {isa = PBXFileReference; fileEncoding = 4; lastKnownFileType = sourcecode.glsl; path = SplitScreen_4.vsh; sourceTree = "<group>"; };
		EAC5028B2390C0C500D38F12 /* SplitScreen_4.fsh */ = {isa = PBXFileReference; fileEncoding = 4; lastKnownFileType = sourcecode.glsl; path = SplitScreen_4.fsh; sourceTree = "<group>"; };
		EAC5028E2390C45800D38F12 /* SplitScreen_6.fsh */ = {isa = PBXFileReference; fileEncoding = 4; lastKnownFileType = sourcecode.glsl; path = SplitScreen_6.fsh; sourceTree = "<group>"; };
		EAC5028F2390C45800D38F12 /* SplitScreen_6.vsh */ = {isa = PBXFileReference; fileEncoding = 4; lastKnownFileType = sourcecode.glsl; path = SplitScreen_6.vsh; sourceTree = "<group>"; };
		EAC502982390FD4100D38F12 /* Gray.vsh */ = {isa = PBXFileReference; lastKnownFileType = sourcecode.glsl; path = Gray.vsh; sourceTree = "<group>"; };
		EAC5029A2390FD4900D38F12 /* Gray.fsh */ = {isa = PBXFileReference; lastKnownFileType = sourcecode.glsl; path = Gray.fsh; sourceTree = "<group>"; };
		EAC5029D2390FFFF00D38F12 /* Reverse.fsh */ = {isa = PBXFileReference; fileEncoding = 4; lastKnownFileType = sourcecode.glsl; path = Reverse.fsh; sourceTree = "<group>"; };
		EAC5029E2390FFFF00D38F12 /* Reverse.vsh */ = {isa = PBXFileReference; fileEncoding = 4; lastKnownFileType = sourcecode.glsl; path = Reverse.vsh; sourceTree = "<group>"; };
		EAC502A22391045100D38F12 /* Circle.vsh */ = {isa = PBXFileReference; fileEncoding = 4; lastKnownFileType = sourcecode.glsl; path = Circle.vsh; sourceTree = "<group>"; };
		EAC502A32391045100D38F12 /* Circle.fsh */ = {isa = PBXFileReference; fileEncoding = 4; lastKnownFileType = sourcecode.glsl; path = Circle.fsh; sourceTree = "<group>"; };
		EAC502A72394B5BA00D38F12 /* Mosaic.vsh */ = {isa = PBXFileReference; lastKnownFileType = sourcecode.glsl; path = Mosaic.vsh; sourceTree = "<group>"; };
		EAC502A92394B5C200D38F12 /* Mosaic.fsh */ = {isa = PBXFileReference; lastKnownFileType = sourcecode.glsl; path = Mosaic.fsh; sourceTree = "<group>"; };
		EAC502AC2394BBE700D38F12 /* HexagonMosaic.vsh */ = {isa = PBXFileReference; lastKnownFileType = sourcecode.glsl; path = HexagonMosaic.vsh; sourceTree = "<group>"; };
		EAC502AE2394BBF000D38F12 /* HexagonMosaic.fsh */ = {isa = PBXFileReference; lastKnownFileType = sourcecode.glsl; path = HexagonMosaic.fsh; sourceTree = "<group>"; };
		EAECD83E23978EB10083F8F9 /* Scale.vsh */ = {isa = PBXFileReference; lastKnownFileType = sourcecode.glsl; path = Scale.vsh; sourceTree = "<group>"; };
		EAECD84023978EB80083F8F9 /* Scale.fsh */ = {isa = PBXFileReference; lastKnownFileType = sourcecode.glsl; path = Scale.fsh; sourceTree = "<group>"; };
		EAECD8422397927D0083F8F9 /* SoulOut.vsh */ = {isa = PBXFileReference; lastKnownFileType = sourcecode.glsl; path = SoulOut.vsh; sourceTree = "<group>"; };
		EAECD844239792940083F8F9 /* SoulOut.fsh */ = {isa = PBXFileReference; lastKnownFileType = sourcecode.glsl; path = SoulOut.fsh; sourceTree = "<group>"; };
		EAECD8462397A0620083F8F9 /* Shake.fsh */ = {isa = PBXFileReference; fileEncoding = 4; lastKnownFileType = sourcecode.glsl; path = Shake.fsh; sourceTree = "<group>"; };
		EAECD8472397A0620083F8F9 /* Shake.vsh */ = {isa = PBXFileReference; fileEncoding = 4; lastKnownFileType = sourcecode.glsl; path = Shake.vsh; sourceTree = "<group>"; };
		EAECD84A2397A12B0083F8F9 /* ShineWhite.fsh */ = {isa = PBXFileReference; fileEncoding = 4; lastKnownFileType = sourcecode.glsl; path = ShineWhite.fsh; sourceTree = "<group>"; };
		EAECD84B2397A12B0083F8F9 /* ShineWhite.vsh */ = {isa = PBXFileReference; fileEncoding = 4; lastKnownFileType = sourcecode.glsl; path = ShineWhite.vsh; sourceTree = "<group>"; };
		EAECD84E2397A1B00083F8F9 /* Glitch.vsh */ = {isa = PBXFileReference; fileEncoding = 4; lastKnownFileType = sourcecode.glsl; path = Glitch.vsh; sourceTree = "<group>"; };
		EAECD84F2397A1B00083F8F9 /* Glitch.fsh */ = {isa = PBXFileReference; fileEncoding = 4; lastKnownFileType = sourcecode.glsl; path = Glitch.fsh; sourceTree = "<group>"; };
/* End PBXFileReference section */

/* Begin PBXFrameworksBuildPhase section */
		EAC50259238E688700D38F12 /* Frameworks */ = {
			isa = PBXFrameworksBuildPhase;
			buildActionMask = 2147483647;
			files = (
			);
			runOnlyForDeploymentPostprocessing = 0;
		};
/* End PBXFrameworksBuildPhase section */

/* Begin PBXGroup section */
		EAC50253238E688700D38F12 = {
			isa = PBXGroup;
			children = (
				EAC5025E238E688700D38F12 /* GLSL滤镜处理 */,
				EAC5025D238E688700D38F12 /* Products */,
			);
			sourceTree = "<group>";
		};
		EAC5025D238E688700D38F12 /* Products */ = {
			isa = PBXGroup;
			children = (
				EAC5025C238E688700D38F12 /* GLSL滤镜处理.app */,
			);
			name = Products;
			sourceTree = "<group>";
		};
		EAC5025E238E688700D38F12 /* GLSL滤镜处理 */ = {
			isa = PBXGroup;
			children = (
				EAC50277238E694A00D38F12 /* Filters */,
				EAC5025F238E688700D38F12 /* AppDelegate.h */,
				EAC50260238E688700D38F12 /* AppDelegate.m */,
				EAC50278238E6E2900D38F12 /* FilterBar.h */,
				EAC50279238E6E2900D38F12 /* FilterBar.m */,
				EAC5027B238E6E5E00D38F12 /* FilterBarCell.h */,
				EAC5027C238E6E5E00D38F12 /* FilterBarCell.m */,
				EAC50262238E688700D38F12 /* ViewController.h */,
				EAC50263238E688700D38F12 /* ViewController.m */,
				EAC50275238E692200D38F12 /* star.jpg */,
				EAC50265238E688700D38F12 /* Main.storyboard */,
				EAC50268238E688A00D38F12 /* Assets.xcassets */,
				EAC5026A238E688A00D38F12 /* LaunchScreen.storyboard */,
				EAC5026D238E688A00D38F12 /* Info.plist */,
				EAC5026E238E688A00D38F12 /* main.m */,
			);
			path = "GLSL滤镜处理";
			sourceTree = "<group>";
		};
		EAC50277238E694A00D38F12 /* Filters */ = {
			isa = PBXGroup;
			children = (
				EAECD83D239789BC0083F8F9 /* Glitch */,
				EAECD83C239789B30083F8F9 /* ShineWhite */,
				EAECD83B239789A70083F8F9 /* Shake */,
				EAECD83A2397899E0083F8F9 /* SoulOut */,
				EAECD839239789900083F8F9 /* Scale */,
				EAC502AB2394BBD200D38F12 /* HexagonMosaic */,
				EAC502A62394B59E00D38F12 /* Mosaic */,
				EAC502A12391045100D38F12 /* Circle */,
				EAC5029C2390FFD900D38F12 /* Reverse */,
				EAC502972390FCFF00D38F12 /* Gray */,
				EAC502962390F32400D38F12 /* SplitScreen_6 */,
				EAC502952390F30C00D38F12 /* SplitScreen_4 */,
				EAC502942390F2E700D38F12 /* SplitScreen_3 */,
				EAC502932390F2D500D38F12 /* SplitScreen_2 */,
				EAC502922390F2C200D38F12 /* Normal */,
			);
			path = Filters;
			sourceTree = "<group>";
		};
		EAC502922390F2C200D38F12 /* Normal */ = {
			isa = PBXGroup;
			children = (
				EAC5027E238FAF0D00D38F12 /* Normal.vsh */,
				EAC50280238FAF1800D38F12 /* Normal.fsh */,
			);
			path = Normal;
			sourceTree = "<group>";
		};
		EAC502932390F2D500D38F12 /* SplitScreen_2 */ = {
			isa = PBXGroup;
			children = (
				EAC502822390B23D00D38F12 /* SplitScreen_2.vsh */,
				EAC502842390B24400D38F12 /* SplitScreen_2.fsh */,
			);
			path = SplitScreen_2;
			sourceTree = "<group>";
		};
		EAC502942390F2E700D38F12 /* SplitScreen_3 */ = {
			isa = PBXGroup;
			children = (
				EAC502862390BB3600D38F12 /* SplitScreen_3.vsh */,
				EAC502882390BB3E00D38F12 /* SplitScreen_3.fsh */,
			);
			path = SplitScreen_3;
			sourceTree = "<group>";
		};
		EAC502952390F30C00D38F12 /* SplitScreen_4 */ = {
			isa = PBXGroup;
			children = (
				EAC5028A2390C0C500D38F12 /* SplitScreen_4.vsh */,
				EAC5028B2390C0C500D38F12 /* SplitScreen_4.fsh */,
			);
			path = SplitScreen_4;
			sourceTree = "<group>";
		};
		EAC502962390F32400D38F12 /* SplitScreen_6 */ = {
			isa = PBXGroup;
			children = (
				EAC5028F2390C45800D38F12 /* SplitScreen_6.vsh */,
				EAC5028E2390C45800D38F12 /* SplitScreen_6.fsh */,
			);
			path = SplitScreen_6;
			sourceTree = "<group>";
		};
		EAC502972390FCFF00D38F12 /* Gray */ = {
			isa = PBXGroup;
			children = (
				EAC502982390FD4100D38F12 /* Gray.vsh */,
				EAC5029A2390FD4900D38F12 /* Gray.fsh */,
			);
			path = Gray;
			sourceTree = "<group>";
		};
		EAC5029C2390FFD900D38F12 /* Reverse */ = {
			isa = PBXGroup;
			children = (
				EAC5029D2390FFFF00D38F12 /* Reverse.fsh */,
				EAC5029E2390FFFF00D38F12 /* Reverse.vsh */,
			);
			path = Reverse;
			sourceTree = "<group>";
		};
		EAC502A12391045100D38F12 /* Circle */ = {
			isa = PBXGroup;
			children = (
				EAC502A22391045100D38F12 /* Circle.vsh */,
				EAC502A32391045100D38F12 /* Circle.fsh */,
			);
			path = Circle;
			sourceTree = "<group>";
		};
		EAC502A62394B59E00D38F12 /* Mosaic */ = {
			isa = PBXGroup;
			children = (
				EAC502A72394B5BA00D38F12 /* Mosaic.vsh */,
				EAC502A92394B5C200D38F12 /* Mosaic.fsh */,
			);
			path = Mosaic;
			sourceTree = "<group>";
		};
		EAC502AB2394BBD200D38F12 /* HexagonMosaic */ = {
			isa = PBXGroup;
			children = (
				EAC502AC2394BBE700D38F12 /* HexagonMosaic.vsh */,
				EAC502AE2394BBF000D38F12 /* HexagonMosaic.fsh */,
			);
			path = HexagonMosaic;
			sourceTree = "<group>";
		};
		EAECD839239789900083F8F9 /* Scale */ = {
			isa = PBXGroup;
			children = (
				EAECD83E23978EB10083F8F9 /* Scale.vsh */,
				EAECD84023978EB80083F8F9 /* Scale.fsh */,
			);
			path = Scale;
			sourceTree = "<group>";
		};
		EAECD83A2397899E0083F8F9 /* SoulOut */ = {
			isa = PBXGroup;
			children = (
				EAECD8422397927D0083F8F9 /* SoulOut.vsh */,
				EAECD844239792940083F8F9 /* SoulOut.fsh */,
			);
			path = SoulOut;
			sourceTree = "<group>";
		};
		EAECD83B239789A70083F8F9 /* Shake */ = {
			isa = PBXGroup;
			children = (
				EAECD8462397A0620083F8F9 /* Shake.fsh */,
				EAECD8472397A0620083F8F9 /* Shake.vsh */,
			);
			path = Shake;
			sourceTree = "<group>";
		};
		EAECD83C239789B30083F8F9 /* ShineWhite */ = {
			isa = PBXGroup;
			children = (
				EAECD84A2397A12B0083F8F9 /* ShineWhite.fsh */,
				EAECD84B2397A12B0083F8F9 /* ShineWhite.vsh */,
			);
			path = ShineWhite;
			sourceTree = "<group>";
		};
		EAECD83D239789BC0083F8F9 /* Glitch */ = {
			isa = PBXGroup;
			children = (
				EAECD84F2397A1B00083F8F9 /* Glitch.fsh */,
				EAECD84E2397A1B00083F8F9 /* Glitch.vsh */,
			);
			path = Glitch;
			sourceTree = "<group>";
		};
/* End PBXGroup section */

/* Begin PBXNativeTarget section */
		EAC5025B238E688700D38F12 /* GLSL滤镜处理 */ = {
			isa = PBXNativeTarget;
			buildConfigurationList = EAC50272238E688A00D38F12 /* Build configuration list for PBXNativeTarget "GLSL滤镜处理" */;
			buildPhases = (
				EAC50258238E688700D38F12 /* Sources */,
				EAC50259238E688700D38F12 /* Frameworks */,
				EAC5025A238E688700D38F12 /* Resources */,
			);
			buildRules = (
			);
			dependencies = (
			);
			name = "GLSL滤镜处理";
			productName = "GLSL滤镜处理";
			productReference = EAC5025C238E688700D38F12 /* GLSL滤镜处理.app */;
			productType = "com.apple.product-type.application";
		};
/* End PBXNativeTarget section */

/* Begin PBXProject section */
		EAC50254238E688700D38F12 /* Project object */ = {
			isa = PBXProject;
			attributes = {
				LastUpgradeCheck = 1000;
				ORGANIZATIONNAME = zonasse.bupt;
				TargetAttributes = {
					EAC5025B238E688700D38F12 = {
						CreatedOnToolsVersion = 10.0;
					};
				};
			};
			buildConfigurationList = EAC50257238E688700D38F12 /* Build configuration list for PBXProject "GLSL滤镜处理" */;
			compatibilityVersion = "Xcode 9.3";
			developmentRegion = en;
			hasScannedForEncodings = 0;
			knownRegions = (
				en,
				Base,
			);
			mainGroup = EAC50253238E688700D38F12;
			productRefGroup = EAC5025D238E688700D38F12 /* Products */;
			projectDirPath = "";
			projectRoot = "";
			targets = (
				EAC5025B238E688700D38F12 /* GLSL滤镜处理 */,
			);
		};
/* End PBXProject section */

/* Begin PBXResourcesBuildPhase section */
		EAC5025A238E688700D38F12 /* Resources */ = {
			isa = PBXResourcesBuildPhase;
			buildActionMask = 2147483647;
			files = (
				EAC502A42391045100D38F12 /* Circle.vsh in Resources */,
				EAC502A02390FFFF00D38F12 /* Reverse.vsh in Resources */,
				EAC502902390C45800D38F12 /* SplitScreen_6.fsh in Resources */,
				EAECD84C2397A12B0083F8F9 /* ShineWhite.fsh in Resources */,
				EAC5027F238FAF0D00D38F12 /* Normal.vsh in Resources */,
				EAECD84D2397A12B0083F8F9 /* ShineWhite.vsh in Resources */,
				EAC5026C238E688A00D38F12 /* LaunchScreen.storyboard in Resources */,
				EAECD8432397927D0083F8F9 /* SoulOut.vsh in Resources */,
				EAC502912390C45800D38F12 /* SplitScreen_6.vsh in Resources */,
				EAC502AF2394BBF000D38F12 /* HexagonMosaic.fsh in Resources */,
				EAECD8502397A1B00083F8F9 /* Glitch.vsh in Resources */,
				EAC50276238E692200D38F12 /* star.jpg in Resources */,
				EAC5029F2390FFFF00D38F12 /* Reverse.fsh in Resources */,
				EAC50281238FAF1800D38F12 /* Normal.fsh in Resources */,
				EAECD84123978EB80083F8F9 /* Scale.fsh in Resources */,
				EAC502892390BB3E00D38F12 /* SplitScreen_3.fsh in Resources */,
				EAC502AD2394BBE700D38F12 /* HexagonMosaic.vsh in Resources */,
				EAECD8492397A0620083F8F9 /* Shake.vsh in Resources */,
				EAECD8512397A1B00083F8F9 /* Glitch.fsh in Resources */,
				EAC502992390FD4100D38F12 /* Gray.vsh in Resources */,
				EAC502A52391045100D38F12 /* Circle.fsh in Resources */,
				EAC5028C2390C0C500D38F12 /* SplitScreen_4.vsh in Resources */,
				EAECD845239792940083F8F9 /* SoulOut.fsh in Resources */,
				EAC50269238E688A00D38F12 /* Assets.xcassets in Resources */,
				EAECD8482397A0620083F8F9 /* Shake.fsh in Resources */,
				EAC5029B2390FD4900D38F12 /* Gray.fsh in Resources */,
				EAC5028D2390C0C500D38F12 /* SplitScreen_4.fsh in Resources */,
				EAC502852390B24400D38F12 /* SplitScreen_2.fsh in Resources */,
				EAC502AA2394B5C200D38F12 /* Mosaic.fsh in Resources */,
				EAECD83F23978EB10083F8F9 /* Scale.vsh in Resources */,
				EAC502832390B23D00D38F12 /* SplitScreen_2.vsh in Resources */,
				EAC502A82394B5BA00D38F12 /* Mosaic.vsh in Resources */,
				EAC502872390BB3600D38F12 /* SplitScreen_3.vsh in Resources */,
				EAC50267238E688700D38F12 /* Main.storyboard in Resources */,
			);
			runOnlyForDeploymentPostprocessing = 0;
		};
/* End PBXResourcesBuildPhase section */

/* Begin PBXSourcesBuildPhase section */
		EAC50258238E688700D38F12 /* Sources */ = {
			isa = PBXSourcesBuildPhase;
			buildActionMask = 2147483647;
			files = (
				EAC50264238E688700D38F12 /* ViewController.m in Sources */,
				EAC5027A238E6E2900D38F12 /* FilterBar.m in Sources */,
				EAC5026F238E688A00D38F12 /* main.m in Sources */,
				EAC5027D238E6E5E00D38F12 /* FilterBarCell.m in Sources */,
				EAC50261238E688700D38F12 /* AppDelegate.m in Sources */,
			);
			runOnlyForDeploymentPostprocessing = 0;
		};
/* End PBXSourcesBuildPhase section */

/* Begin PBXVariantGroup section */
		EAC50265238E688700D38F12 /* Main.storyboard */ = {
			isa = PBXVariantGroup;
			children = (
				EAC50266238E688700D38F12 /* Base */,
			);
			name = Main.storyboard;
			sourceTree = "<group>";
		};
		EAC5026A238E688A00D38F12 /* LaunchScreen.storyboard */ = {
			isa = PBXVariantGroup;
			children = (
				EAC5026B238E688A00D38F12 /* Base */,
			);
			name = LaunchScreen.storyboard;
			sourceTree = "<group>";
		};
/* End PBXVariantGroup section */

/* Begin XCBuildConfiguration section */
		EAC50270238E688A00D38F12 /* Debug */ = {
			isa = XCBuildConfiguration;
			buildSettings = {
				ALWAYS_SEARCH_USER_PATHS = NO;
				CLANG_ANALYZER_NONNULL = YES;
				CLANG_ANALYZER_NUMBER_OBJECT_CONVERSION = YES_AGGRESSIVE;
				CLANG_CXX_LANGUAGE_STANDARD = "gnu++14";
				CLANG_CXX_LIBRARY = "libc++";
				CLANG_ENABLE_MODULES = YES;
				CLANG_ENABLE_OBJC_ARC = YES;
				CLANG_ENABLE_OBJC_WEAK = YES;
				CLANG_WARN_BLOCK_CAPTURE_AUTORELEASING = YES;
				CLANG_WARN_BOOL_CONVERSION = YES;
				CLANG_WARN_COMMA = YES;
				CLANG_WARN_CONSTANT_CONVERSION = YES;
				CLANG_WARN_DEPRECATED_OBJC_IMPLEMENTATIONS = YES;
				CLANG_WARN_DIRECT_OBJC_ISA_USAGE = YES_ERROR;
				CLANG_WARN_DOCUMENTATION_COMMENTS = YES;
				CLANG_WARN_EMPTY_BODY = YES;
				CLANG_WARN_ENUM_CONVERSION = YES;
				CLANG_WARN_INFINITE_RECURSION = YES;
				CLANG_WARN_INT_CONVERSION = YES;
				CLANG_WARN_NON_LITERAL_NULL_CONVERSION = YES;
				CLANG_WARN_OBJC_IMPLICIT_RETAIN_SELF = YES;
				CLANG_WARN_OBJC_LITERAL_CONVERSION = YES;
				CLANG_WARN_OBJC_ROOT_CLASS = YES_ERROR;
				CLANG_WARN_RANGE_LOOP_ANALYSIS = YES;
				CLANG_WARN_STRICT_PROTOTYPES = YES;
				CLANG_WARN_SUSPICIOUS_MOVE = YES;
				CLANG_WARN_UNGUARDED_AVAILABILITY = YES_AGGRESSIVE;
				CLANG_WARN_UNREACHABLE_CODE = YES;
				CLANG_WARN__DUPLICATE_METHOD_MATCH = YES;
				CODE_SIGN_IDENTITY = "iPhone Developer";
				COPY_PHASE_STRIP = NO;
				DEBUG_INFORMATION_FORMAT = dwarf;
				ENABLE_STRICT_OBJC_MSGSEND = YES;
				ENABLE_TESTABILITY = YES;
				GCC_C_LANGUAGE_STANDARD = gnu11;
				GCC_DYNAMIC_NO_PIC = NO;
				GCC_NO_COMMON_BLOCKS = YES;
				GCC_OPTIMIZATION_LEVEL = 0;
				GCC_PREPROCESSOR_DEFINITIONS = (
					"DEBUG=1",
					"$(inherited)",
				);
				GCC_WARN_64_TO_32_BIT_CONVERSION = YES;
				GCC_WARN_ABOUT_RETURN_TYPE = YES_ERROR;
				GCC_WARN_UNDECLARED_SELECTOR = YES;
				GCC_WARN_UNINITIALIZED_AUTOS = YES_AGGRESSIVE;
				GCC_WARN_UNUSED_FUNCTION = YES;
				GCC_WARN_UNUSED_VARIABLE = YES;
				IPHONEOS_DEPLOYMENT_TARGET = 12.0;
				MTL_ENABLE_DEBUG_INFO = INCLUDE_SOURCE;
				MTL_FAST_MATH = YES;
				ONLY_ACTIVE_ARCH = YES;
				SDKROOT = iphoneos;
			};
			name = Debug;
		};
		EAC50271238E688A00D38F12 /* Release */ = {
			isa = XCBuildConfiguration;
			buildSettings = {
				ALWAYS_SEARCH_USER_PATHS = NO;
				CLANG_ANALYZER_NONNULL = YES;
				CLANG_ANALYZER_NUMBER_OBJECT_CONVERSION = YES_AGGRESSIVE;
				CLANG_CXX_LANGUAGE_STANDARD = "gnu++14";
				CLANG_CXX_LIBRARY = "libc++";
				CLANG_ENABLE_MODULES = YES;
				CLANG_ENABLE_OBJC_ARC = YES;
				CLANG_ENABLE_OBJC_WEAK = YES;
				CLANG_WARN_BLOCK_CAPTURE_AUTORELEASING = YES;
				CLANG_WARN_BOOL_CONVERSION = YES;
				CLANG_WARN_COMMA = YES;
				CLANG_WARN_CONSTANT_CONVERSION = YES;
				CLANG_WARN_DEPRECATED_OBJC_IMPLEMENTATIONS = YES;
				CLANG_WARN_DIRECT_OBJC_ISA_USAGE = YES_ERROR;
				CLANG_WARN_DOCUMENTATION_COMMENTS = YES;
				CLANG_WARN_EMPTY_BODY = YES;
				CLANG_WARN_ENUM_CONVERSION = YES;
				CLANG_WARN_INFINITE_RECURSION = YES;
				CLANG_WARN_INT_CONVERSION = YES;
				CLANG_WARN_NON_LITERAL_NULL_CONVERSION = YES;
				CLANG_WARN_OBJC_IMPLICIT_RETAIN_SELF = YES;
				CLANG_WARN_OBJC_LITERAL_CONVERSION = YES;
				CLANG_WARN_OBJC_ROOT_CLASS = YES_ERROR;
				CLANG_WARN_RANGE_LOOP_ANALYSIS = YES;
				CLANG_WARN_STRICT_PROTOTYPES = YES;
				CLANG_WARN_SUSPICIOUS_MOVE = YES;
				CLANG_WARN_UNGUARDED_AVAILABILITY = YES_AGGRESSIVE;
				CLANG_WARN_UNREACHABLE_CODE = YES;
				CLANG_WARN__DUPLICATE_METHOD_MATCH = YES;
				CODE_SIGN_IDENTITY = "iPhone Developer";
				COPY_PHASE_STRIP = NO;
				DEBUG_INFORMATION_FORMAT = "dwarf-with-dsym";
				ENABLE_NS_ASSERTIONS = NO;
				ENABLE_STRICT_OBJC_MSGSEND = YES;
				GCC_C_LANGUAGE_STANDARD = gnu11;
				GCC_NO_COMMON_BLOCKS = YES;
				GCC_WARN_64_TO_32_BIT_CONVERSION = YES;
				GCC_WARN_ABOUT_RETURN_TYPE = YES_ERROR;
				GCC_WARN_UNDECLARED_SELECTOR = YES;
				GCC_WARN_UNINITIALIZED_AUTOS = YES_AGGRESSIVE;
				GCC_WARN_UNUSED_FUNCTION = YES;
				GCC_WARN_UNUSED_VARIABLE = YES;
				IPHONEOS_DEPLOYMENT_TARGET = 12.0;
				MTL_ENABLE_DEBUG_INFO = NO;
				MTL_FAST_MATH = YES;
				SDKROOT = iphoneos;
				VALIDATE_PRODUCT = YES;
			};
			name = Release;
		};
		EAC50273238E688A00D38F12 /* Debug */ = {
			isa = XCBuildConfiguration;
			buildSettings = {
				ASSETCATALOG_COMPILER_APPICON_NAME = AppIcon;
				CODE_SIGN_STYLE = Automatic;
				DEVELOPMENT_TEAM = 558BYD3F79;
				INFOPLIST_FILE = "GLSL滤镜处理/Info.plist";
				LD_RUNPATH_SEARCH_PATHS = (
					"$(inherited)",
					"@executable_path/Frameworks",
				);
				PRODUCT_BUNDLE_IDENTIFIER = "com.zonasse.bupt.GLSL----";
				PRODUCT_NAME = "$(TARGET_NAME)";
				TARGETED_DEVICE_FAMILY = "1,2";
			};
			name = Debug;
		};
		EAC50274238E688A00D38F12 /* Release */ = {
			isa = XCBuildConfiguration;
			buildSettings = {
				ASSETCATALOG_COMPILER_APPICON_NAME = AppIcon;
				CODE_SIGN_STYLE = Automatic;
				DEVELOPMENT_TEAM = 558BYD3F79;
				INFOPLIST_FILE = "GLSL滤镜处理/Info.plist";
				LD_RUNPATH_SEARCH_PATHS = (
					"$(inherited)",
					"@executable_path/Frameworks",
				);
				PRODUCT_BUNDLE_IDENTIFIER = "com.zonasse.bupt.GLSL----";
				PRODUCT_NAME = "$(TARGET_NAME)";
				TARGETED_DEVICE_FAMILY = "1,2";
			};
			name = Release;
		};
/* End XCBuildConfiguration section */

/* Begin XCConfigurationList section */
		EAC50257238E688700D38F12 /* Build configuration list for PBXProject "GLSL滤镜处理" */ = {
			isa = XCConfigurationList;
			buildConfigurations = (
				EAC50270238E688A00D38F12 /* Debug */,
				EAC50271238E688A00D38F12 /* Release */,
			);
			defaultConfigurationIsVisible = 0;
			defaultConfigurationName = Release;
		};
		EAC50272238E688A00D38F12 /* Build configuration list for PBXNativeTarget "GLSL滤镜处理" */ = {
			isa = XCConfigurationList;
			buildConfigurations = (
				EAC50273238E688A00D38F12 /* Debug */,
				EAC50274238E688A00D38F12 /* Release */,
			);
			defaultConfigurationIsVisible = 0;
			defaultConfigurationName = Release;
		};
/* End XCConfigurationList section */
	};
	rootObject = EAC50254238E688700D38F12 /* Project object */;
}
